{
  "name": "demo",
  "version": "1.0.0",
  "lockfileVersion": 3,
  "requires": true,
  "packages": {
    "": {
      "name": "demo",
      "version": "1.0.0",
      "dependencies": {
        "jsen": "0.6.6"
      }
    },
    "node_modules/jsen": {
      "version": "0.6.6",
      "resolved": "https://registry.npmjs.org/jsen/-/jsen-0.6.6.tgz",
      "integrity": "sha512-Kq9+wZsdGd/VrCw67vS38HkBFVg6pikAtL9lA8SQvKzlaxV/d2ot87BabQ6b+QH1EsjCCV4l/+14Gq+1kwdkCg==",
      "license": "MIT"
    }
  }
}
