{
  "name": "demo",
  "version": "1.0.0",
  "lockfileVersion": 3,
  "requires": true,
  "packages": {
    "": {
      "name": "demo",
      "version": "1.0.0",
      "dependencies": {
        "json-ptr": "2.0.0"
      }
    },
    "node_modules/json-ptr": {
      "version": "2.0.0",
      "resolved": "https://registry.npmjs.org/json-ptr/-/json-ptr-2.0.0.tgz",
      "integrity": "sha512-VGP7ucQzBLJFUC8sWR57ALW/+iui9NCE2i61SULum4TBfu9664bCdWjuRkjghbg1rj1k+8+PciKbfFJdGQlS1w==",
      "license": "MIT",
      "dependencies": {
        "tslib": "^2.0.3"
      }
    },
    "node_modules/tslib": {
      "version": "2.7.0",
      "resolved": "https://registry.npmjs.org/tslib/-/tslib-2.7.0.tgz",
      "integrity": "sha512-gLXCKdN1/j47AiHiOkJN69hJmcbGTHI0ImLmbYLHykhgeN0jVGola9yVjFgzCUklsZQMW55o+dW7IXv3RCXDzA==",
      "license": "0BSD"
    }
  }
}
